// !$*UTF8*$!
{
	archiveVersion = 1;
	classes = {
	};
	objectVersion = 48;
	objects = {

/* Begin PBXBuildFile section */
		7736B6DD1FA7173B000F1B5A /* AppDelegate.swift in Sources */ = {isa = PBXBuildFile; fileRef = 7736B6DC1FA7173B000F1B5A /* AppDelegate.swift */; };
		7736B6DF1FA7173B000F1B5A /* ViewController.swift in Sources */ = {isa = PBXBuildFile; fileRef = 7736B6DE1FA7173B000F1B5A /* ViewController.swift */; };
		7736B6E21FA7173B000F1B5A /* Main.storyboard in Resources */ = {isa = PBXBuildFile; fileRef = 7736B6E01FA7173B000F1B5A /* Main.storyboard */; };
		7736B6E41FA7173B000F1B5A /* Assets.xcassets in Resources */ = {isa = PBXBuildFile; fileRef = 7736B6E31FA7173B000F1B5A /* Assets.xcassets */; };
		7736B6E71FA7173B000F1B5A /* LaunchScreen.storyboard in Resources */ = {isa = PBXBuildFile; fileRef = 7736B6E51FA7173B000F1B5A /* LaunchScreen.storyboard */; };
		7736B6F21FA7173B000F1B5A /* Super_Dope_AppTests.swift in Sources */ = {isa = PBXBuildFile; fileRef = 7736B6F11FA7173B000F1B5A /* Super_Dope_AppTests.swift */; };
		7736B6FD1FA7173B000F1B5A /* Super_Dope_AppUITests.swift in Sources */ = {isa = PBXBuildFile; fileRef = 7736B6FC1FA7173B000F1B5A /* Super_Dope_AppUITests.swift */; };
/* End PBXBuildFile section */

/* Begin PBXContainerItemProxy section */
		7736B6EE1FA7173B000F1B5A /* PBXContainerItemProxy */ = {
			isa = PBXContainerItemProxy;
			containerPortal = 7736B6D11FA7173A000F1B5A /* Project object */;
			proxyType = 1;
			remoteGlobalIDString = 7736B6D81FA7173A000F1B5A;
			remoteInfo = "Super Dope App";
		};
		7736B6F91FA7173B000F1B5A /* PBXContainerItemProxy */ = {
			isa = PBXContainerItemProxy;
			containerPortal = 7736B6D11FA7173A000F1B5A /* Project object */;
			proxyType = 1;
			remoteGlobalIDString = 7736B6D81FA7173A000F1B5A;
			remoteInfo = "Super Dope App";
		};
/* End PBXContainerItemProxy section */

/* Begin PBXFileReference section */
		7736B6D91FA7173B000F1B5A /* Super Dope App.app */ = {isa = PBXFileReference; explicitFileType = wrapper.application; includeInIndex = 0; path = "Super Dope App.app"; sourceTree = BUILT_PRODUCTS_DIR; };
		7736B6DC1FA7173B000F1B5A /* AppDelegate.swift */ = {isa = PBXFileReference; lastKnownFileType = sourcecode.swift; path = AppDelegate.swift; sourceTree = "<group>"; };
		7736B6DE1FA7173B000F1B5A /* ViewController.swift */ = {isa = PBXFileReference; lastKnownFileType = sourcecode.swift; path = ViewController.swift; sourceTree = "<group>"; };
		7736B6E11FA7173B000F1B5A /* Base */ = {isa = PBXFileReference; lastKnownFileType = file.storyboard; name = Base; path = Base.lproj/Main.storyboard; sourceTree = "<group>"; };
		7736B6E31FA7173B000F1B5A /* Assets.xcassets */ = {isa = PBXFileReference; lastKnownFileType = folder.assetcatalog; path = Assets.xcassets; sourceTree = "<group>"; };
		7736B6E61FA7173B000F1B5A /* Base */ = {isa = PBXFileReference; lastKnownFileType = file.storyboard; name = Base; path = Base.lproj/LaunchScreen.storyboard; sourceTree = "<group>"; };
		7736B6E81FA7173B000F1B5A /* Info.plist */ = {isa = PBXFileReference; lastKnownFileType = text.plist.xml; path = Info.plist; sourceTree = "<group>"; };
		7736B6ED1FA7173B000F1B5A /* Super Dope AppTests.xctest */ = {isa = PBXFileReference; explicitFileType = wrapper.cfbundle; includeInIndex = 0; path = "Super Dope AppTests.xctest"; sourceTree = BUILT_PRODUCTS_DIR; };
		7736B6F11FA7173B000F1B5A /* Super_Dope_AppTests.swift */ = {isa = PBXFileReference; lastKnownFileType = sourcecode.swift; path = Super_Dope_AppTests.swift; sourceTree = "<group>"; };
		7736B6F31FA7173B000F1B5A /* Info.plist */ = {isa = PBXFileReference; lastKnownFileType = text.plist.xml; path = Info.plist; sourceTree = "<group>"; };
		7736B6F81FA7173B000F1B5A /* Super Dope AppUITests.xctest */ = {isa = PBXFileReference; explicitFileType = wrapper.cfbundle; includeInIndex = 0; path = "Super Dope AppUITests.xctest"; sourceTree = BUILT_PRODUCTS_DIR; };
		7736B6FC1FA7173B000F1B5A /* Super_Dope_AppUITests.swift */ = {isa = PBXFileReference; lastKnownFileType = sourcecode.swift; path = Super_Dope_AppUITests.swift; sourceTree = "<group>"; };
		7736B6FE1FA7173B000F1B5A /* Info.plist */ = {isa = PBXFileReference; lastKnownFileType = text.plist.xml; path = Info.plist; sourceTree = "<group>"; };
/* End PBXFileReference section */

/* Begin PBXFrameworksBuildPhase section */
		7736B6D61FA7173A000F1B5A /* Frameworks */ = {
			isa = PBXFrameworksBuildPhase;
			buildActionMask = 2147483647;
			files = (
			);
			runOnlyForDeploymentPostprocessing = 0;
		};
		7736B6EA1FA7173B000F1B5A /* Frameworks */ = {
			isa = PBXFrameworksBuildPhase;
			buildActionMask = 2147483647;
			files = (
			);
			runOnlyForDeploymentPostprocessing = 0;
		};
		7736B6F51FA7173B000F1B5A /* Frameworks */ = {
			isa = PBXFrameworksBuildPhase;
			buildActionMask = 2147483647;
			files = (
			);
			runOnlyForDeploymentPostprocessing = 0;
		};
/* End PBXFrameworksBuildPhase section */

/* Begin PBXGroup section */
		7736B6D01FA7173A000F1B5A = {
			isa = PBXGroup;
			children = (
				7736B6DB1FA7173B000F1B5A /* Super Dope App */,
				7736B6F01FA7173B000F1B5A /* Super Dope AppTests */,
				7736B6FB1FA7173B000F1B5A /* Super Dope AppUITests */,
				7736B6DA1FA7173B000F1B5A /* Products */,
			);
			sourceTree = "<group>";
		};
		7736B6DA1FA7173B000F1B5A /* Products */ = {
			isa = PBXGroup;
			children = (
				7736B6D91FA7173B000F1B5A /* Super Dope App.app */,
				7736B6ED1FA7173B000F1B5A /* Super Dope AppTests.xctest */,
				7736B6F81FA7173B000F1B5A /* Super Dope AppUITests.xctest */,
			);
			name = Products;
			sourceTree = "<group>";
		};
		7736B6DB1FA7173B000F1B5A /* Super Dope App */ = {
			isa = PBXGroup;
			children = (
				7736B6DC1FA7173B000F1B5A /* AppDelegate.swift */,
				7736B6DE1FA7173B000F1B5A /* ViewController.swift */,
				7736B6E01FA7173B000F1B5A /* Main.storyboard */,
				7736B6E31FA7173B000F1B5A /* Assets.xcassets */,
				7736B6E51FA7173B000F1B5A /* LaunchScreen.storyboard */,
				7736B6E81FA7173B000F1B5A /* Info.plist */,
			);
			path = "Super Dope App";
			sourceTree = "<group>";
		};
		7736B6F01FA7173B000F1B5A /* Super Dope AppTests */ = {
			isa = PBXGroup;
			children = (
				7736B6F11FA7173B000F1B5A /* Super_Dope_AppTests.swift */,
				7736B6F31FA7173B000F1B5A /* Info.plist */,
			);
			path = "Super Dope AppTests";
			sourceTree = "<group>";
		};
		7736B6FB1FA7173B000F1B5A /* Super Dope AppUITests */ = {
			isa = PBXGroup;
			children = (
				7736B6FC1FA7173B000F1B5A /* Super_Dope_AppUITests.swift */,
				7736B6FE1FA7173B000F1B5A /* Info.plist */,
			);
			path = "Super Dope AppUITests";
			sourceTree = "<group>";
		};
/* End PBXGroup section */

/* Begin PBXNativeTarget section */
		7736B6D81FA7173A000F1B5A /* Super Dope App */ = {
			isa = PBXNativeTarget;
			buildConfigurationList = 7736B7011FA7173B000F1B5A /* Build configuration list for PBXNativeTarget "Super Dope App" */;
			buildPhases = (
				7736B6D51FA7173A000F1B5A /* Sources */,
				7736B6D61FA7173A000F1B5A /* Frameworks */,
				7736B6D71FA7173A000F1B5A /* Resources */,
			);
			buildRules = (
			);
			dependencies = (
			);
			name = "Super Dope App";
			productName = "Super Dope App";
			productReference = 7736B6D91FA7173B000F1B5A /* Super Dope App.app */;
			productType = "com.apple.product-type.application";
		};
		7736B6EC1FA7173B000F1B5A /* Super Dope AppTests */ = {
			isa = PBXNativeTarget;
			buildConfigurationList = 7736B7041FA7173B000F1B5A /* Build configuration list for PBXNativeTarget "Super Dope AppTests" */;
			buildPhases = (
				7736B6E91FA7173B000F1B5A /* Sources */,
				7736B6EA1FA7173B000F1B5A /* Frameworks */,
				7736B6EB1FA7173B000F1B5A /* Resources */,
			);
			buildRules = (
			);
			dependencies = (
				7736B6EF1FA7173B000F1B5A /* PBXTargetDependency */,
			);
			name = "Super Dope AppTests";
			productName = "Super Dope AppTests";
			productReference = 7736B6ED1FA7173B000F1B5A /* Super Dope AppTests.xctest */;
			productType = "com.apple.product-type.bundle.unit-test";
		};
		7736B6F71FA7173B000F1B5A /* Super Dope AppUITests */ = {
			isa = PBXNativeTarget;
			buildConfigurationList = 7736B7071FA7173B000F1B5A /* Build configuration list for PBXNativeTarget "Super Dope AppUITests" */;
			buildPhases = (
				7736B6F41FA7173B000F1B5A /* Sources */,
				7736B6F51FA7173B000F1B5A /* Frameworks */,
				7736B6F61FA7173B000F1B5A /* Resources */,
			);
			buildRules = (
			);
			dependencies = (
				7736B6FA1FA7173B000F1B5A /* PBXTargetDependency */,
			);
			name = "Super Dope AppUITests";
			productName = "Super Dope AppUITests";
			productReference = 7736B6F81FA7173B000F1B5A /* Super Dope AppUITests.xctest */;
			productType = "com.apple.product-type.bundle.ui-testing";
		};
/* End PBXNativeTarget section */

/* Begin PBXProject section */
		7736B6D11FA7173A000F1B5A /* Project object */ = {
			isa = PBXProject;
			attributes = {
				LastSwiftUpdateCheck = 0900;
				LastUpgradeCheck = 0900;
				ORGANIZATIONNAME = R$KY;
				TargetAttributes = {
					7736B6D81FA7173A000F1B5A = {
						CreatedOnToolsVersion = 9.0.1;
						ProvisioningStyle = Automatic;
					};
					7736B6EC1FA7173B000F1B5A = {
						CreatedOnToolsVersion = 9.0.1;
						ProvisioningStyle = Automatic;
						TestTargetID = 7736B6D81FA7173A000F1B5A;
					};
					7736B6F71FA7173B000F1B5A = {
						CreatedOnToolsVersion = 9.0.1;
						ProvisioningStyle = Automatic;
						TestTargetID = 7736B6D81FA7173A000F1B5A;
					};
				};
			};
			buildConfigurationList = 7736B6D41FA7173A000F1B5A /* Build configuration list for PBXProject "Super Dope App" */;
			compatibilityVersion = "Xcode 8.0";
			developmentRegion = en;
			hasScannedForEncodings = 0;
			knownRegions = (
				en,
				Base,
			);
			mainGroup = 7736B6D01FA7173A000F1B5A;
			productRefGroup = 7736B6DA1FA7173B000F1B5A /* Products */;
			projectDirPath = "";
			projectRoot = "";
			targets = (
				7736B6D81FA7173A000F1B5A /* Super Dope App */,
				7736B6EC1FA7173B000F1B5A /* Super Dope AppTests */,
				7736B6F71FA7173B000F1B5A /* Super Dope AppUITests */,
			);
		};
/* End PBXProject section */

/* Begin PBXResourcesBuildPhase section */
		7736B6D71FA7173A000F1B5A /* Resources */ = {
			isa = PBXResourcesBuildPhase;
			buildActionMask = 2147483647;
			files = (
				7736B6E71FA7173B000F1B5A /* LaunchScreen.storyboard in Resources */,
				7736B6E41FA7173B000F1B5A /* Assets.xcassets in Resources */,
				7736B6E21FA7173B000F1B5A /* Main.storyboard in Resources */,
			);
			runOnlyForDeploymentPostprocessing = 0;
		};
		7736B6EB1FA7173B000F1B5A /* Resources */ = {
			isa = PBXResourcesBuildPhase;
			buildActionMask = 2147483647;
			files = (
			);
			runOnlyForDeploymentPostprocessing = 0;
		};
		7736B6F61FA7173B000F1B5A /* Resources */ = {
			isa = PBXResourcesBuildPhase;
			buildActionMask = 2147483647;
			files = (
			);
			runOnlyForDeploymentPostprocessing = 0;
		};
/* End PBXResourcesBuildPhase section */

/* Begin PBXSourcesBuildPhase section */
		7736B6D51FA7173A000F1B5A /* Sources */ = {
			isa = PBXSourcesBuildPhase;
			buildActionMask = 2147483647;
			files = (
				7736B6DF1FA7173B000F1B5A /* ViewController.swift in Sources */,
				7736B6DD1FA7173B000F1B5A /* AppDelegate.swift in Sources */,
			);
			runOnlyForDeploymentPostprocessing = 0;
		};
		7736B6E91FA7173B000F1B5A /* Sources */ = {
			isa = PBXSourcesBuildPhase;
			buildActionMask = 2147483647;
			files = (
				7736B6F21FA7173B000F1B5A /* Super_Dope_AppTests.swift in Sources */,
			);
			runOnlyForDeploymentPostprocessing = 0;
		};
		7736B6F41FA7173B000F1B5A /* Sources */ = {
			isa = PBXSourcesBuildPhase;
			buildActionMask = 2147483647;
			files = (
				7736B6FD1FA7173B000F1B5A /* Super_Dope_AppUITests.swift in Sources */,
			);
			runOnlyForDeploymentPostprocessing = 0;
		};
/* End PBXSourcesBuildPhase section */

/* Begin PBXTargetDependency section */
		7736B6EF1FA7173B000F1B5A /* PBXTargetDependency */ = {
			isa = PBXTargetDependency;
			target = 7736B6D81FA7173A000F1B5A /* Super Dope App */;
			targetProxy = 7736B6EE1FA7173B000F1B5A /* PBXContainerItemProxy */;
		};
		7736B6FA1FA7173B000F1B5A /* PBXTargetDependency */ = {
			isa = PBXTargetDependency;
			target = 7736B6D81FA7173A000F1B5A /* Super Dope App */;
			targetProxy = 7736B6F91FA7173B000F1B5A /* PBXContainerItemProxy */;
		};
/* End PBXTargetDependency section */

/* Begin PBXVariantGroup section */
		7736B6E01FA7173B000F1B5A /* Main.storyboard */ = {
			isa = PBXVariantGroup;
			children = (
				7736B6E11FA7173B000F1B5A /* Base */,
			);
			name = Main.storyboard;
			sourceTree = "<group>";
		};
		7736B6E51FA7173B000F1B5A /* LaunchScreen.storyboard */ = {
			isa = PBXVariantGroup;
			children = (
				7736B6E61FA7173B000F1B5A /* Base */,
			);
			name = LaunchScreen.storyboard;
			sourceTree = "<group>";
		};
/* End PBXVariantGroup section */

/* Begin XCBuildConfiguration section */
		7736B6FF1FA7173B000F1B5A /* Debug */ = {
			isa = XCBuildConfiguration;
			buildSettings = {
				ALWAYS_SEARCH_USER_PATHS = NO;
				CLANG_ANALYZER_NONNULL = YES;
				CLANG_ANALYZER_NUMBER_OBJECT_CONVERSION = YES_AGGRESSIVE;
				CLANG_CXX_LANGUAGE_STANDARD = "gnu++14";
				CLANG_CXX_LIBRARY = "libc++";
				CLANG_ENABLE_MODULES = YES;
				CLANG_ENABLE_OBJC_ARC = YES;
				CLANG_WARN_BLOCK_CAPTURE_AUTORELEASING = YES;
				CLANG_WARN_BOOL_CONVERSION = YES;
				CLANG_WARN_COMMA = YES;
				CLANG_WARN_CONSTANT_CONVERSION = YES;
				CLANG_WARN_DIRECT_OBJC_ISA_USAGE = YES_ERROR;
				CLANG_WARN_DOCUMENTATION_COMMENTS = YES;
				CLANG_WARN_EMPTY_BODY = YES;
				CLANG_WARN_ENUM_CONVERSION = YES;
				CLANG_WARN_INFINITE_RECURSION = YES;
				CLANG_WARN_INT_CONVERSION = YES;
				CLANG_WARN_NON_LITERAL_NULL_CONVERSION = YES;
				CLANG_WARN_OBJC_LITERAL_CONVERSION = YES;
				CLANG_WARN_OBJC_ROOT_CLASS = YES_ERROR;
				CLANG_WARN_RANGE_LOOP_ANALYSIS = YES;
				CLANG_WARN_STRICT_PROTOTYPES = YES;
				CLANG_WARN_SUSPICIOUS_MOVE = YES;
				CLANG_WARN_UNGUARDED_AVAILABILITY = YES_AGGRESSIVE;
				CLANG_WARN_UNREACHABLE_CODE = YES;
				CLANG_WARN__DUPLICATE_METHOD_MATCH = YES;
				CODE_SIGN_IDENTITY = "iPhone Developer";
				COPY_PHASE_STRIP = NO;
				DEBUG_INFORMATION_FORMAT = dwarf;
				ENABLE_STRICT_OBJC_MSGSEND = YES;
				ENABLE_TESTABILITY = YES;
				GCC_C_LANGUAGE_STANDARD = gnu11;
				GCC_DYNAMIC_NO_PIC = NO;
				GCC_NO_COMMON_BLOCKS = YES;
				GCC_OPTIMIZATION_LEVEL = 0;
				GCC_PREPROCESSOR_DEFINITIONS = (
					"DEBUG=1",
					"$(inherited)",
				);
				GCC_WARN_64_TO_32_BIT_CONVERSION = YES;
				GCC_WARN_ABOUT_RETURN_TYPE = YES_ERROR;
				GCC_WARN_UNDECLARED_SELECTOR = YES;
				GCC_WARN_UNINITIALIZED_AUTOS = YES_AGGRESSIVE;
				GCC_WARN_UNUSED_FUNCTION = YES;
				GCC_WARN_UNUSED_VARIABLE = YES;
				IPHONEOS_DEPLOYMENT_TARGET = 11.0;
				MTL_ENABLE_DEBUG_INFO = YES;
				ONLY_ACTIVE_ARCH = YES;
				SDKROOT = iphoneos;
				SWIFT_ACTIVE_COMPILATION_CONDITIONS = DEBUG;
				SWIFT_OPTIMIZATION_LEVEL = "-Onone";
			};
			name = Debug;
		};
		7736B7001FA7173B000F1B5A /* Release */ = {
			isa = XCBuildConfiguration;
			buildSettings = {
				ALWAYS_SEARCH_USER_PATHS = NO;
				CLANG_ANALYZER_NONNULL = YES;
				CLANG_ANALYZER_NUMBER_OBJECT_CONVERSION = YES_AGGRESSIVE;
				CLANG_CXX_LANGUAGE_STANDARD = "gnu++14";
				CLANG_CXX_LIBRARY = "libc++";
				CLANG_ENABLE_MODULES = YES;
				CLANG_ENABLE_OBJC_ARC = YES;
				CLANG_WARN_BLOCK_CAPTURE_AUTORELEASING = YES;
				CLANG_WARN_BOOL_CONVERSION = YES;
				CLANG_WARN_COMMA = YES;
				CLANG_WARN_CONSTANT_CONVERSION = YES;
				CLANG_WARN_DIRECT_OBJC_ISA_USAGE = YES_ERROR;
				CLANG_WARN_DOCUMENTATION_COMMENTS = YES;
				CLANG_WARN_EMPTY_BODY = YES;
				CLANG_WARN_ENUM_CONVERSION = YES;
				CLANG_WARN_INFINITE_RECURSION = YES;
				CLANG_WARN_INT_CONVERSION = YES;
				CLANG_WARN_NON_LITERAL_NULL_CONVERSION = YES;
				CLANG_WARN_OBJC_LITERAL_CONVERSION = YES;
				CLANG_WARN_OBJC_ROOT_CLASS = YES_ERROR;
				CLANG_WARN_RANGE_LOOP_ANALYSIS = YES;
				CLANG_WARN_STRICT_PROTOTYPES = YES;
				CLANG_WARN_SUSPICIOUS_MOVE = YES;
				CLANG_WARN_UNGUARDED_AVAILABILITY = YES_AGGRESSIVE;
				CLANG_WARN_UNREACHABLE_CODE = YES;
				CLANG_WARN__DUPLICATE_METHOD_MATCH = YES;
				CODE_SIGN_IDENTITY = "iPhone Developer";
				COPY_PHASE_STRIP = NO;
				DEBUG_INFORMATION_FORMAT = "dwarf-with-dsym";
				ENABLE_NS_ASSERTIONS = NO;
				ENABLE_STRICT_OBJC_MSGSEND = YES;
				GCC_C_LANGUAGE_STANDARD = gnu11;
				GCC_NO_COMMON_BLOCKS = YES;
				GCC_WARN_64_TO_32_BIT_CONVERSION = YES;
				GCC_WARN_ABOUT_RETURN_TYPE = YES_ERROR;
				GCC_WARN_UNDECLARED_SELECTOR = YES;
				GCC_WARN_UNINITIALIZED_AUTOS = YES_AGGRESSIVE;
				GCC_WARN_UNUSED_FUNCTION = YES;
				GCC_WARN_UNUSED_VARIABLE = YES;
				IPHONEOS_DEPLOYMENT_TARGET = 11.0;
				MTL_ENABLE_DEBUG_INFO = NO;
				SDKROOT = iphoneos;
				SWIFT_OPTIMIZATION_LEVEL = "-Owholemodule";
				VALIDATE_PRODUCT = YES;
			};
			name = Release;
		};
		7736B7021FA7173B000F1B5A /* Debug */ = {
			isa = XCBuildConfiguration;
			buildSettings = {
				ASSETCATALOG_COMPILER_APPICON_NAME = AppIcon;
				CODE_SIGN_STYLE = Automatic;
				INFOPLIST_FILE = "Super Dope App/Info.plist";
				LD_RUNPATH_SEARCH_PATHS = "$(inherited) @executable_path/Frameworks";
				PRODUCT_BUNDLE_IDENTIFIER = "com.rskybsns.supercool.Super-Dope-App";
				PRODUCT_NAME = "$(TARGET_NAME)";
				SWIFT_VERSION = 4.0;
				TARGETED_DEVICE_FAMILY = "1,2";
			};
			name = Debug;
		};
		7736B7031FA7173B000F1B5A /* Release */ = {
			isa = XCBuildConfiguration;
			buildSettings = {
				ASSETCATALOG_COMPILER_APPICON_NAME = AppIcon;
				CODE_SIGN_STYLE = Automatic;
				INFOPLIST_FILE = "Super Dope App/Info.plist";
				LD_RUNPATH_SEARCH_PATHS = "$(inherited) @executable_path/Frameworks";
				PRODUCT_BUNDLE_IDENTIFIER = "com.rskybsns.supercool.Super-Dope-App";
				PRODUCT_NAME = "$(TARGET_NAME)";
				SWIFT_VERSION = 4.0;
				TARGETED_DEVICE_FAMILY = "1,2";
			};
			name = Release;
		};
		7736B7051FA7173B000F1B5A /* Debug */ = {
			isa = XCBuildConfiguration;
			buildSettings = {
				ALWAYS_EMBED_SWIFT_STANDARD_LIBRARIES = YES;
				BUNDLE_LOADER = "$(TEST_HOST)";
				CODE_SIGN_STYLE = Automatic;
				INFOPLIST_FILE = "Super Dope AppTests/Info.plist";
				LD_RUNPATH_SEARCH_PATHS = "$(inherited) @executable_path/Frameworks @loader_path/Frameworks";
				PRODUCT_BUNDLE_IDENTIFIER = "com.rskybsns.supercool.Super-Dope-AppTests";
				PRODUCT_NAME = "$(TARGET_NAME)";
				SWIFT_VERSION = 4.0;
				TARGETED_DEVICE_FAMILY = "1,2";
				TEST_HOST = "$(BUILT_PRODUCTS_DIR)/Super Dope App.app/Super Dope App";
			};
			name = Debug;
		};
		7736B7061FA7173B000F1B5A /* Release */ = {
			isa = XCBuildConfiguration;
			buildSettings = {
				ALWAYS_EMBED_SWIFT_STANDARD_LIBRARIES = YES;
				BUNDLE_LOADER = "$(TEST_HOST)";
				CODE_SIGN_STYLE = Automatic;
				INFOPLIST_FILE = "Super Dope AppTests/Info.plist";
				LD_RUNPATH_SEARCH_PATHS = "$(inherited) @executable_path/Frameworks @loader_path/Frameworks";
				PRODUCT_BUNDLE_IDENTIFIER = "com.rskybsns.supercool.Super-Dope-AppTests";
				PRODUCT_NAME = "$(TARGET_NAME)";
				SWIFT_VERSION = 4.0;
				TARGETED_DEVICE_FAMILY = "1,2";
				TEST_HOST = "$(BUILT_PRODUCTS_DIR)/Super Dope App.app/Super Dope App";
			};
			name = Release;
		};
		7736B7081FA7173B000F1B5A /* Debug */ = {
			isa = XCBuildConfiguration;
			buildSettings = {
				ALWAYS_EMBED_SWIFT_STANDARD_LIBRARIES = YES;
				CODE_SIGN_STYLE = Automatic;
				INFOPLIST_FILE = "Super Dope AppUITests/Info.plist";
				LD_RUNPATH_SEARCH_PATHS = "$(inherited) @executable_path/Frameworks @loader_path/Frameworks";
				PRODUCT_BUNDLE_IDENTIFIER = "com.rskybsns.supercool.Super-Dope-AppUITests";
				PRODUCT_NAME = "$(TARGET_NAME)";
				SWIFT_VERSION = 4.0;
				TARGETED_DEVICE_FAMILY = "1,2";
				TEST_TARGET_NAME = "Super Dope App";
			};
			name = Debug;
		};
		7736B7091FA7173B000F1B5A /* Release */ = {
			isa = XCBuildConfiguration;
			buildSettings = {
				ALWAYS_EMBED_SWIFT_STANDARD_LIBRARIES = YES;
				CODE_SIGN_STYLE = Automatic;
				INFOPLIST_FILE = "Super Dope AppUITests/Info.plist";
				LD_RUNPATH_SEARCH_PATHS = "$(inherited) @executable_path/Frameworks @loader_path/Frameworks";
				PRODUCT_BUNDLE_IDENTIFIER = "com.rskybsns.supercool.Super-Dope-AppUITests";
				PRODUCT_NAME = "$(TARGET_NAME)";
				SWIFT_VERSION = 4.0;
				TARGETED_DEVICE_FAMILY = "1,2";
				TEST_TARGET_NAME = "Super Dope App";
			};
			name = Release;
		};
/* End XCBuildConfiguration section */

/* Begin XCConfigurationList section */
		7736B6D41FA7173A000F1B5A /* Build configuration list for PBXProject "Super Dope App" */ = {
			isa = XCConfigurationList;
			buildConfigurations = (
				7736B6FF1FA7173B000F1B5A /* Debug */,
				7736B7001FA7173B000F1B5A /* Release */,
			);
			defaultConfigurationIsVisible = 0;
			defaultConfigurationName = Release;
		};
		7736B7011FA7173B000F1B5A /* Build configuration list for PBXNativeTarget "Super Dope App" */ = {
			isa = XCConfigurationList;
			buildConfigurations = (
				7736B7021FA7173B000F1B5A /* Debug */,
				7736B7031FA7173B000F1B5A /* Release */,
			);
			defaultConfigurationIsVisible = 0;
			defaultConfigurationName = Release;
		};
		7736B7041FA7173B000F1B5A /* Build configuration list for PBXNativeTarget "Super Dope AppTests" */ = {
			isa = XCConfigurationList;
			buildConfigurations = (
				7736B7051FA7173B000F1B5A /* Debug */,
				7736B7061FA7173B000F1B5A /* Release */,
			);
			defaultConfigurationIsVisible = 0;
			defaultConfigurationName = Release;
		};
		7736B7071FA7173B000F1B5A /* Build configuration list for PBXNativeTarget "Super Dope AppUITests" */ = {
			isa = XCConfigurationList;
			buildConfigurations = (
				7736B7081FA7173B000F1B5A /* Debug */,
				7736B7091FA7173B000F1B5A /* Release */,
			);
			defaultConfigurationIsVisible = 0;
			defaultConfigurationName = Release;
		};
/* End XCConfigurationList section */
	};
	rootObject = 7736B6D11FA7173A000F1B5A /* Project object */;
}
